github.com/MagicalTux/go-fuse v2.0.3-0.20190909083651-4866016e7410+incompatible h1:KDv4/CZZtINRiKeWaBYmq/HpTlioY+xUvDpbDfogLIY=
github.com/MagicalTux/go-fuse v2.0.3-0.20190909083651-4866016e7410+incompatible/go.mod h1:VCRtF2RVNeF2iff/4pMctOIrHuyQbVBoeHTYy4xg3mg=
github.com/MagicalTux/go-fuse v2.0.3-0.20190909083832-eae9832c39d0+incompatible h1:A+2hQP/BcQ2RAxydJXULfuAgBYkWtln+74MYA39xQe4=
github.com/MagicalTux/go-fuse v2.0.3-0.20190909083832-eae9832c39d0+incompatible/go.mod h1:VCRtF2RVNeF2iff/4pMctOIrHuyQbVBoeHTYy4xg3mg=
github.com/MagicalTux/go-fuse v2.0.3-0.20190909084536-6fa125dda2c5+incompatible h1:L+7HKgpahFqt6RPwjqB9dh08MQokaL4vD//MWRiHHDw=
github.com/MagicalTux/go-fuse v2.0.3-0.20190909084536-6fa125dda2c5+incompatible/go.mod h1:VCRtF2RVNeF2iff/4pMctOIrHuyQbVBoeHTYy4xg3mg=
github.com/MagicalTux/go-fuse v2.0.3-0.20190909085001-a3c099dfe77e+incompatible h1:nANdODDZKExtFiBI/c+EnqrCKOESbRU9v5eU1LTFJUY=
github.com/MagicalTux/go-fuse v2.0.3-0.20190909085001-a3c099dfe77e+incompatible/go.mod h1:VCRtF2RVNeF2iff/4pMctOIrHuyQbVBoeHTYy4xg3mg=
github.com/MagicalTux/go-fuse v2.0.3-0.20190909085526-e3fde2ed21bc+incompatible h1:x4qv0lpwjmX55EgywqexnplWxWhK5eMovVzoWSdxaAw=
github.com/MagicalTux/go-fuse v2.0.3-0.20190909085526-e3fde2ed21bc+incompatible/go.mod h1:VCRtF2RVNeF2iff/4pMctOIrHuyQbVBoeHTYy4xg3mg=
github.com/MagicalTux/go-fuse v2.0.3-0.20190909090016-3bbd39f3b575+incompatible h1:a1filtFOOUYEcFfnF37IRGFHxPfviMmlnUCKCGNGWgo=
github.com/MagicalTux/go-fuse v2.0.3-0.20190909090016-3bbd39f3b575+incompatible/go.mod h1:VCRtF2RVNeF2iff/4pMctOIrHuyQbVBoeHTYy4xg3mg=
github.com/MagicalTux/go-fuse v2.0.3-0.20190909090532-f887d72fbbd7+incompatible h1:uyvO6+Pl6mIhQRwkhhb+6AhEG7oVY2Hvhy/rUXesp1U=
github.com/MagicalTux/go-fuse v2.0.3-0.20190909090532-f887d72fbbd7+incompatible/go.mod h1:VCRtF2RVNeF2iff/4pMctOIrHuyQbVBoeHTYy4xg3mg=
github.com/MagicalTux/go-fuse v2.0.3-0.20190909094407-0195843ac9d5+incompatible h1:IqNVa7aflmMguUD8SUIg2frXDTWjuDU86V6KF6BUW2o=
github.com/MagicalTux/go-fuse v2.0.3-0.20190909094407-0195843ac9d5+incompatible/go.mod h1:VCRtF2RVNeF2iff/4pMctOIrHuyQbVBoeHTYy4xg3mg=
github.com/MagicalTux/go-fuse v2.0.3-0.20190909095800-945c2db8ef22+incompatible h1:cI+1keSkLxCj0x0yW5FmeY20jFEvIkt6rggEjIBIx4o=
github.com/MagicalTux/go-fuse v2.0.3-0.20190909095800-945c2db8ef22+incompatible/go.mod h1:VCRtF2RVNeF2iff/4pMctOIrHuyQbVBoeHTYy4xg3mg=
github.com/MagicalTux/go-fuse v2.0.3-0.20190929042935-ffbd36462c91+incompatible h1:GFVjVmwv8+QJucLW7PekX2ZCIo7HbyCbwO1huCjKR4g=
github.com/MagicalTux/go-fuse v2.0.3-0.20190929042935-ffbd36462c91+incompatible/go.mod h1:VCRtF2RVNeF2iff/4pMctOIrHuyQbVBoeHTYy4xg3mg=
github.com/MagicalTux/go-fuse v2.0.3-0.20190929043104-d29435ddebb4+incompatible h1:o7T3lsq6sByHSucsNrJuAraasQX+agYlbnAQbc0RkVQ=
github.com/MagicalTux/go-fuse v2.0.3-0.20190929043104-d29435ddebb4+incompatible/go.mod h1:VCRtF2RVNeF2iff/4pMctOIrHuyQbVBoeHTYy4xg3mg=
github.com/MagicalTux/hsm v0.0.0-20190417000233-acc02c30d85b h1:awCeRTl7uxqBXkcybATvLeDbsGjBal8TIB4A89lw8UM=
github.com/MagicalTux/hsm v0.0.0-20190417000233-acc02c30d85b/go.mod h1:Uo/8co2QL8ce5ZOh/bin8+GXspO0XdGakH8nn0Qz+F8=
github.com/MagicalTux/hsm v0.0.0-20190417072830-ecaa5045b2ab h1:EfljpKm4+AGILgC8xYm1zEkAfe76XcQD/V9GKAsNw2Q=
github.com/MagicalTux/hsm v0.0.0-20190417072830-ecaa5045b2ab/go.mod h1:Uo/8co2QL8ce5ZOh/bin8+GXspO0XdGakH8nn0Qz+F8=
github.com/MagicalTux/hsm v0.0.0-20190417080131-d1c3e83663da h1:XQ6KHhfDt3DlFlS7DliVscbtgfQUGy9x9CCKGBxVzHM=
github.com/MagicalTux/hsm v0.0.0-20190417080131-d1c3e83663da/go.mod h1:Uo/8co2QL8ce5ZOh/bin8+GXspO0XdGakH8nn0Qz+F8=
github.com/MagicalTux/hsm v0.0.0-20190417081318-8e2e2af1e523 h1:z/8/1roe6ylEGTq001SFB9vPRC/zkpvpH6tOr+6YrIs=
github.com/MagicalTux/hsm v0.0.0-20190417081318-8e2e2af1e523/go.mod h1:Uo/8co2QL8ce5ZOh/bin8+GXspO0XdGakH8nn0Qz+F8=
github.com/MagicalTux/hsm v0.0.0-20190417084049-7e71c258d4d3 h1:I7aV879FXTnRisERn+fF2UwbQh1cRJ34/4lw8NGY1H4=
github.com/MagicalTux/hsm v0.0.0-20190417084049-7e71c258d4d3/go.mod h1:Uo/8co2QL8ce5ZOh/bin8+GXspO0XdGakH8nn0Qz+F8=
github.com/MagicalTux/hsm v0.0.0-20190417085317-09f6dc690a49 h1:tvmk4hhy8SJVaJbf1SxiqT02ODadGXpHQbZ2O4jRBQg=
github.com/MagicalTux/hsm v0.0.0-20190417085317-09f6dc690a49/go.mod h1:Uo/8co2QL8ce5ZOh/bin8+GXspO0XdGakH8nn0Qz+F8=
github.com/MagicalTux/hsm v0.1.0 h1:CpZ9RVPGpkhKW+fClj1Zr7dBUia5MqGNtUofOQe3B/A=
github.com/MagicalTux/hsm v0.1.0/go.mod h1:Uo/8co2QL8ce5ZOh/bin8+GXspO0XdGakH8nn0Qz+F8=
github.com/MagicalTux/hsm v0.1.3 h1:g+/dkri93IH2HF8i9CC/L/3LW9KdR2yOcsShUIPTqQA=
github.com/MagicalTux/hsm v0.1.3/go.mod h1:Uo/8co2QL8ce5ZOh/bin8+GXspO0XdGakH8nn0Qz+F8=
github.com/MagicalTux/jwt/v4 v4.0.1-0.20210822070356-97f3b221c77a h1:DSDNVr5LwGJLPWdHS2WPPEzzU5zcZiJ9fDcCLb3MDAA=
github.com/MagicalTux/jwt/v4 v4.0.1-0.20210822070356-97f3b221c77a/go.mod h1:/xlHOz8bRuivTWchD4jCa+NbatV+wEUSzwAxVc6locg=
github.com/MagicalTux/smartremote v0.0.6 h1:XAouGoB9qnA4TBsLDh2ULBM408fLjMqptqq5L0JZ5FE=
github.com/MagicalTux/smartremote v0.0.6/go.mod h1:nNsMb0JPuAi9jC+84D898Gm0AtwKmYGiDrvCweyJn1o=
github.com/MagicalTux/smartremote v0.0.7 h1:5tcOb2gSwXe+jFaogmnjo3KFib3J7T11+yszOKaMDJk=
github.com/MagicalTux/smartremote v0.0.7/go.mod h1:nNsMb0JPuAi9jC+84D898Gm0AtwKmYGiDrvCweyJn1o=
github.com/MagicalTux/smartremote v0.0.8 h1:Ta/7BSpdp8+R5kFNXAWDrU+uk7vNZ9jNuMhSZrE0i3U=
github.com/MagicalTux/smartremote v0.0.8/go.mod h1:nNsMb0JPuAi9jC+84D898Gm0AtwKmYGiDrvCweyJn1o=
github.com/MagicalTux/smartremote v0.0.9 h1:RdxdKK64WHv0o63PftnMpZi4Mf7tQCtMhOGksGOUmaw=
github.com/MagicalTux/smartremote v0.0.9/go.mod h1:nNsMb0JPuAi9jC+84D898Gm0AtwKmYGiDrvCweyJn1o=
github.com/MagicalTux/smartremote v0.0.10 h1:jfLaHC/Bj57RhJKMrKefMFygQKyKK//G9AtKHsUz0aI=
github.com/MagicalTux/smartremote v0.0.10/go.mod h1:nNsMb0JPuAi9jC+84D898Gm0AtwKmYGiDrvCweyJn1o=
github.com/MagicalTux/smartremote v0.0.12 h1:6CjntRd6Js6tPXvlFLuOWm09RYa3e3SstjNv56SFi/Q=
github.com/MagicalTux/smartremote v0.0.12/go.mod h1:nNsMb0JPuAi9jC+84D898Gm0AtwKmYGiDrvCweyJn1o=
github.com/MagicalTux/smartremote v0.0.13 h1:nlDtcRN//xF6SDQ0kGe3pMulDJhtGtspIjIGcWJlaW4=
github.com/MagicalTux/smartremote v0.0.13/go.mod h1:nNsMb0JPuAi9jC+84D898Gm0AtwKmYGiDrvCweyJn1o=
github.com/MagicalTux/smartremote v0.0.14 h1:QZEfo8BT3aB71dH8ItH6VVH9hwn5OA+KVX75x9PtSwE=
github.com/MagicalTux/smartremote v0.0.14/go.mod h1:nNsMb0JPuAi9jC+84D898Gm0AtwKmYGiDrvCweyJn1o=
github.com/RoaringBitmap/roaring v0.4.21 h1:WJ/zIlNX4wQZ9x8Ey33O1UaD9TCTakYsdLFSBcTwH+8=
github.com/RoaringBitmap/roaring v0.4.21/go.mod h1:D0gp8kJQgE1A4LQ5wFLggQEyvDi06Mq5mKs52e1TwOo=
github.com/boltdb/bolt v1.3.1 h1:JQmyP4ZBrce+ZQu0dY660FMfatumYDLun9hBCUVIkF4=
github.com/boltdb/bolt v1.3.1/go.mod h1:clJnj/oiGkjum5o1McbSZDSLxVThjynRyGBgiAx27Ps=
github.com/davecgh/go-spew v1.1.0/go.mod h1:J7Y8YcW2NihsgmVo/mv3lAwl/skON4iLHjSsI+c5H38=
github.com/enceve/crypto v0.0.0-20160707101852-34d48bb93815 h1:D22EM5TeYZJp43hGDx6dUng8mvtyYbB9BnE3+BmJR1Q=
github.com/enceve/crypto v0.0.0-20160707101852-34d48bb93815/go.mod h1:wYFFK4LYXbX7j+76mOq7aiC/EAw2S22CrzPHqgsisPw=
github.com/glycerine/go-unsnap-stream v0.0.0-20181221182339-f9677308dec2 h1:Ujru1hufTHVb++eG6OuNDKMxZnGIvF6o/u8q/8h2+I4=
github.com/glycerine/go-unsnap-stream v0.0.0-20181221182339-f9677308dec2/go.mod h1:/20jfyN9Y5QPEAprSgKAUr+glWDY39ZiUEAYOEv5dsE=
github.com/glycerine/goconvey v0.0.0-20190410193231-58a59202ab31/go.mod h1:Ogl1Tioa0aV7gstGFO7KhffUsb9M4ydbEbbxpcEDc24=
github.com/golang-jwt/jwt/v4 v4.0.0 h1:RAqyYixv1p7uEnocuy8P1nru5wprCh/MH2BIlW5z5/o=
github.com/golang-jwt/jwt/v4 v4.0.0/go.mod h1:/xlHOz8bRuivTWchD4jCa+NbatV+wEUSzwAxVc6locg=
github.com/golang/snappy v0.0.1 h1:Qgr9rKW7uDUkrbSmQeiDsGa8SjGyCOGtuasMWwvp2P4=
github.com/golang/snappy v0.0.1/go.mod h1:/XxbfmMg8lxefKM7IXC3fBNl/7bRcc72aCRzEWrmP2Q=
github.com/google/uuid v1.1.1 h1:Gkbcsh/GbpXz7lPftLA3P6TYMwjCLYm83jiFQZF/3gY=
github.com/google/uuid v1.1.1/go.mod h1:TIyPZe4MgqvfeYDBFedMoGGpEw/LqOeaOT+nhxU+yHo=
github.com/gopherjs/gopherjs v0.0.0-20190910122728-9d188e94fb99/go.mod h1:wJfORRmW1u3UXTncJ5qlYoELFm8eSnnEO6hX4iZ3EWY=
github.com/hanwen/go-fuse v1.0.0 h1:GxS9Zrn6c35/BnfiVsZVWmsG803xwE7eVRDvcf/BEVc=
github.com/hanwen/go-fuse v1.0.0/go.mod h1:unqXarDXqzAk0rt98O2tVndEPIpUgLD9+rwFisZH3Ok=
github.com/hanwen/go-fuse v1.0.1-0.20190404190931-928afa1cac8a h1:RCk3UoUe12Uoo+rfMP44g5CqEt7FhBoFKt6wv6ag6gg=
github.com/hanwen/go-fuse v1.0.1-0.20190404190931-928afa1cac8a/go.mod h1:unqXarDXqzAk0rt98O2tVndEPIpUgLD9+rwFisZH3Ok=
github.com/hanwen/go-fuse/v2 v2.0.2 h1:BtsqKI5RXOqDMnTgpCb0IWgvRgGLJdqYVZ/Hm6KgKto=
github.com/hanwen/go-fuse/v2 v2.0.2/go.mod h1:HH3ygZOoyRbP9y2q7y3+JM6hPL+Epe29IbWaS0UA81o=
github.com/hanwen/go-fuse/v2 v2.0.3-0.20200103165319-0e3c45fc4899 h1:ONwSLAMMgGZvEy2uYlQYai/RBXUnxL2pzvu9UMm1LiU=
github.com/hanwen/go-fuse/v2 v2.0.3-0.20200103165319-0e3c45fc4899/go.mod h1:HH3ygZOoyRbP9y2q7y3+JM6hPL+Epe29IbWaS0UA81o=
github.com/jtolds/gls v4.20.0+incompatible/go.mod h1:QJZ7F/aHp+rZTRtaJ1ow/lLfFfVYBRgL+9YlvaHOwJU=
github.com/kylelemons/godebug v0.0.0-20170820004349-d65d576e9348/go.mod h1:B69LEHPfb2qLo0BaaOLcbitczOKLWTsrBG9LczfCD4k=
github.com/kylelemons/godebug v1.1.0/go.mod h1:9/0rRGxNHcop5bhtWyNeEfOS8JIWk580+fNqagV/RAw=
github.com/mschoch/smat v0.0.0-20160514031455-90eadee771ae/go.mod h1:qAyveg+e4CE+eKJXWVjKXM4ck2QobLqTDytGJbLLhJg=
github.com/petar/GoLLRB v0.0.0-20130427215148-53be0d36a84c h1:AwcgVYzW1T+QuJ2fc55ceOSCiVaOpdYUNpFj9t7+n9U=
github.com/petar/GoLLRB v0.0.0-20130427215148-53be0d36a84c/go.mod h1:HUpKUBZnpzkdx0kD/+Yfuft+uD3zHGtXF/XJB14TUr4=
github.com/petar/GoLLRB v0.0.0-20190514000832-33fb24c13b99 h1:KcEvVBAvyHkUdFAygKAzwB6LAcZ6LS32WHmRD2VyXMI=
github.com/petar/GoLLRB v0.0.0-20190514000832-33fb24c13b99/go.mod h1:HUpKUBZnpzkdx0kD/+Yfuft+uD3zHGtXF/XJB14TUr4=
github.com/philhofer/fwd v1.0.0 h1:UbZqGr5Y38ApvM/V/jEljVxwocdweyH+vmYvRPBnbqQ=
github.com/philhofer/fwd v1.0.0/go.mod h1:gk3iGcWd9+svBvR0sR+KPcfE+RNWozjowpeBVG3ZVNU=
github.com/pmezard/go-difflib v1.0.0/go.mod h1:iKH77koFhYxTK1pcRnkKkqfTogsbg7gZNVY4sRDYZ/4=
github.com/stretchr/objx v0.1.0/go.mod h1:HFkY916IF+rwdDfMAkV7OtwuqBVzrE8GR6GFx+wExME=
github.com/stretchr/testify v1.4.0/go.mod h1:j7eGeouHqKxXV5pUuKE4zz7dFj8WfuZ+81PSLYec5m4=
github.com/tinylib/msgp v1.1.0 h1:9fQd+ICuRIu/ue4vxJZu6/LzxN0HwMds2nq/0cFvxHU=
github.com/tinylib/msgp v1.1.0/go.mod h1:+d+yLhGm8mzTaHzB+wgMYrodPfmZrzkirds8fDWklFE=
github.com/willf/bitset v1.1.10/go.mod h1:RjeCKbqT1RxIR/KWY6phxZiaY1IyutSBfGjNPySAYV4=
golang.org/x/crypto v0.0.0-20190308221718-c2843e01d9a2/go.mod h1:djNgcEr1/C05ACkg1iLfiJU5Ep61QUkGW8qpdssI0+w=
golang.org/x/crypto v0.0.0-20190411191339-88737f569e3a h1:Igim7XhdOpBnWPuYJ70XcNpq8q3BCACtVgNfoJxOV7g=
golang.org/x/crypto v0.0.0-20190411191339-88737f569e3a/go.mod h1:WFFai1msRO1wXaEeE5yQxYXgSfI8pQAWXbQop6sCtWE=
golang.org/x/crypto v0.0.0-20190701094942-4def268fd1a4 h1:HuIa8hRrWRSrqYzx1qI49NNxhdi2PrY7gxVSq1JjLDc=
golang.org/x/crypto v0.0.0-20190701094942-4def268fd1a4/go.mod h1:yigFU9vqHzYiE8UmvKecakEJjdnWj3jj499lnFckfCI=
golang.org/x/crypto v0.0.0-20190923035154-9ee001bba392 h1:ACG4HJsFiNMf47Y4PeRoebLNy/2lXT9EtprMuTFWt1M=
golang.org/x/crypto v0.0.0-20190923035154-9ee001bba392/go.mod h1:/lpIB1dKB+9EgE3H3cr1v9wB50oz8l4C4h62xy7jSTY=
golang.org/x/net v0.0.0-20190404232315-eb5bcb51f2a3/go.mod h1:t9HGtf8HONx5eT2rtn7q6eTqICYqUVnKs3thJo3Qplg=
golang.org/x/net v0.0.0-20190620200207-3b0461eec859/go.mod h1:z5CRVTTTmAJ677TzLLGU+0bjPO0LkuOLi4/5GtJWs/s=
golang.org/x/net v0.0.0-20190813141303-74dc4d7220e7/go.mod h1:z5CRVTTTmAJ677TzLLGU+0bjPO0LkuOLi4/5GtJWs/s=
golang.org/x/net v0.0.0-20190923162816-aa69164e4478/go.mod h1:z5CRVTTTmAJ677TzLLGU+0bjPO0LkuOLi4/5GtJWs/s=
golang.org/x/sync v0.0.0-20190423024810-112230192c58/go.mod h1:RxMgew5VJxzue5/jJTE5uejpjVlOe/izrB70Jof72aM=
golang.org/x/sync v0.0.0-20190911185100-cd5d95a43a6e/go.mod h1:RxMgew5VJxzue5/jJTE5uejpjVlOe/izrB70Jof72aM=
golang.org/x/sys v0.0.0-20180830151530-49385e6e1522 h1:Ve1ORMCxvRmSXBwJK+t3Oy+V2vRW2OetUQBq4rJIkZE=
golang.org/x/sys v0.0.0-20180830151530-49385e6e1522/go.mod h1:STP8DvDyc/dI5b8T5hshtkjS+E42TnysNCUPdjciGhY=
golang.org/x/sys v0.0.0-20190215142949-d0b11bdaac8a/go.mod h1:STP8DvDyc/dI5b8T5hshtkjS+E42TnysNCUPdjciGhY=
golang.org/x/sys v0.0.0-20190403152447-81d4e9dc473e h1:nFYrTHrdrAOpShe27kaFHjsqYSEQ0KWqdWLu3xuZJts=
golang.org/x/sys v0.0.0-20190403152447-81d4e9dc473e/go.mod h1:h1NjWce9XRLGQEsW7wpKNCjG9DtNlClVuFLEZdDNbEs=
golang.org/x/sys v0.0.0-20190412213103-97732733099d/go.mod h1:h1NjWce9XRLGQEsW7wpKNCjG9DtNlClVuFLEZdDNbEs=
golang.org/x/sys v0.0.0-20190813064441-fde4db37ae7a h1:aYOabOQFp6Vj6W1F80affTUvO9UxmJRx8K0gsfABByQ=
golang.org/x/sys v0.0.0-20190813064441-fde4db37ae7a/go.mod h1:h1NjWce9XRLGQEsW7wpKNCjG9DtNlClVuFLEZdDNbEs=
golang.org/x/sys v0.0.0-20190922100055-0a153f010e69 h1:rOhMmluY6kLMhdnrivzec6lLgaVbMHMn2ISQXJeJ5EM=
golang.org/x/sys v0.0.0-20190922100055-0a153f010e69/go.mod h1:h1NjWce9XRLGQEsW7wpKNCjG9DtNlClVuFLEZdDNbEs=
golang.org/x/text v0.3.0/go.mod h1:NqM8EUOU14njkJ3fqMW+pc6Ldnwhi/IjpwHt7yyuwOQ=
golang.org/x/text v0.3.2/go.mod h1:bEr9sfX3Q8Zfm5fL9x+3itogRgK3+ptLWKqgva+5dAk=
golang.org/x/tools v0.0.0-20180917221912-90fa682c2a6e/go.mod h1:n7NCudcB/nEzxVGmLbDWY5pfWTLqBcC2KZ6jyYvM4mQ=
golang.org/x/tools v0.0.0-20190816200558-6889da9d5479/go.mod h1:b+2E5dAYhXwXZwtnZ6UAqBI28+e2cm9otk0dWdXHAEo=
golang.org/x/tools v0.0.0-20190923221242-6816ec868d64/go.mod h1:b+2E5dAYhXwXZwtnZ6UAqBI28+e2cm9otk0dWdXHAEo=
golang.org/x/xerrors v0.0.0-20190717185122-a985d3407aa7/go.mod h1:I/5z698sn9Ka8TeJc9MKroUUfqBBauWjQqLJ2OPfmY0=
gopkg.in/check.v1 v0.0.0-20161208181325-20d25e280405/go.mod h1:Co6ibVJAznAaIkqp8huTwlJQCZ016jof/cbN4VW5Yz0=
gopkg.in/yaml.v2 v2.2.2/go.mod h1:hI93XBmqTisBFMUTm0b8Fm+jr3Dg1NNxqwp+5A1VGuI=
